// !$*UTF8*$!
{
	archiveVersion = 1;
	classes = {
	};
	objectVersion = 56;
	objects = {

/* Begin PBXBuildFile section */
		A70746A52AD381030094CB9C /* FavoriteButton.swift in Sources */ = {isa = PBXBuildFile; fileRef = A70746A42AD381030094CB9C /* FavoriteButton.swift */; };
		A74395402AD5D3E30072831F /* hikeData.json in Resources */ = {isa = PBXBuildFile; fileRef = A743953F2AD5D3E30072831F /* hikeData.json */; };
		A74395462AD5D4520072831F /* GraphCapsule.swift in Sources */ = {isa = PBXBuildFile; fileRef = A74395422AD5D4520072831F /* GraphCapsule.swift */; };
		A74395472AD5D4520072831F /* HikeGraph.swift in Sources */ = {isa = PBXBuildFile; fileRef = A74395432AD5D4520072831F /* HikeGraph.swift */; };
		A74395482AD5D4520072831F /* HikeDetail.swift in Sources */ = {isa = PBXBuildFile; fileRef = A74395442AD5D4520072831F /* HikeDetail.swift */; };
		A74395492AD5D4520072831F /* HikeView.swift in Sources */ = {isa = PBXBuildFile; fileRef = A74395452AD5D4520072831F /* HikeView.swift */; };
		A753DDFE2ACD001B00E47300 /* LandmarksApp.swift in Sources */ = {isa = PBXBuildFile; fileRef = A753DDFD2ACD001B00E47300 /* LandmarksApp.swift */; };
		A753DE002ACD001B00E47300 /* ContentView.swift in Sources */ = {isa = PBXBuildFile; fileRef = A753DDFF2ACD001B00E47300 /* ContentView.swift */; };
		A753DE022ACD001E00E47300 /* Assets.xcassets in Resources */ = {isa = PBXBuildFile; fileRef = A753DE012ACD001E00E47300 /* Assets.xcassets */; };
		A753DE052ACD001E00E47300 /* Preview Assets.xcassets in Resources */ = {isa = PBXBuildFile; fileRef = A753DE042ACD001E00E47300 /* Preview Assets.xcassets */; };
		A75F0B3D2AD49F1200FD8CB5 /* BadgeBackground.swift in Sources */ = {isa = PBXBuildFile; fileRef = A75F0B3C2AD49F1200FD8CB5 /* BadgeBackground.swift */; };
		A77146692AD19B26000AFA3A /* LandmarkDetail.swift in Sources */ = {isa = PBXBuildFile; fileRef = A77146682AD19B25000AFA3A /* LandmarkDetail.swift */; };
		A7CB0D542ACD134100A17CE7 /* CircleImage.swift in Sources */ = {isa = PBXBuildFile; fileRef = A7CB0D532ACD134100A17CE7 /* CircleImage.swift */; };
		A7E9A7B42AD47F68002C984B /* HexagonParameters.swift in Sources */ = {isa = PBXBuildFile; fileRef = A7E9A7B32AD47F68002C984B /* HexagonParameters.swift */; };
		A7E9A7B82AD496C6002C984B /* BadgeSymbol.swift in Sources */ = {isa = PBXBuildFile; fileRef = A7E9A7B72AD496C6002C984B /* BadgeSymbol.swift */; };
		A7E9A7BA2AD498BF002C984B /* RotatedBadgeSymbol.swift in Sources */ = {isa = PBXBuildFile; fileRef = A7E9A7B92AD498BE002C984B /* RotatedBadgeSymbol.swift */; };
		A7E9A7BC2AD499EF002C984B /* Badge.swift in Sources */ = {isa = PBXBuildFile; fileRef = A7E9A7BB2AD499EF002C984B /* Badge.swift */; };
		A7F27A2E2ACE3DCF003859BD /* MapView.swift in Sources */ = {isa = PBXBuildFile; fileRef = A7F27A2D2ACE3DCF003859BD /* MapView.swift */; };
		A7F27A302ACE6389003859BD /* landmarkData.json in Resources */ = {isa = PBXBuildFile; fileRef = A7F27A2F2ACE6389003859BD /* landmarkData.json */; };
		A7F27A322ACE63C1003859BD /* Landmark.swift in Sources */ = {isa = PBXBuildFile; fileRef = A7F27A312ACE63C1003859BD /* Landmark.swift */; };
		A7F27A342ACE6606003859BD /* ModelData.swift in Sources */ = {isa = PBXBuildFile; fileRef = A7F27A332ACE6606003859BD /* ModelData.swift */; };
		A7F27A392ACE6786003859BD /* LandmarkRow.swift in Sources */ = {isa = PBXBuildFile; fileRef = A7F27A382ACE6786003859BD /* LandmarkRow.swift */; };
		A7F27A3B2ACE6A3F003859BD /* LandmarkList.swift in Sources */ = {isa = PBXBuildFile; fileRef = A7F27A3A2ACE6A3F003859BD /* LandmarkList.swift */; };
/* End PBXBuildFile section */

/* Begin PBXFileReference section */
		A70746A42AD381030094CB9C /* FavoriteButton.swift */ = {isa = PBXFileReference; lastKnownFileType = sourcecode.swift; path = FavoriteButton.swift; sourceTree = "<group>"; };
		A743953F2AD5D3E30072831F /* hikeData.json */ = {isa = PBXFileReference; fileEncoding = 4; lastKnownFileType = text.json; name = hikeData.json; path = ../../../../../../../Downloads/AnimatingViewsAndTransitions/Resources/hikeData.json; sourceTree = "<group>"; };
		A74395422AD5D4520072831F /* GraphCapsule.swift */ = {isa = PBXFileReference; fileEncoding = 4; lastKnownFileType = sourcecode.swift; path = GraphCapsule.swift; sourceTree = "<group>"; };
		A74395432AD5D4520072831F /* HikeGraph.swift */ = {isa = PBXFileReference; fileEncoding = 4; lastKnownFileType = sourcecode.swift; path = HikeGraph.swift; sourceTree = "<group>"; };
		A74395442AD5D4520072831F /* HikeDetail.swift */ = {isa = PBXFileReference; fileEncoding = 4; lastKnownFileType = sourcecode.swift; path = HikeDetail.swift; sourceTree = "<group>"; };
		A74395452AD5D4520072831F /* HikeView.swift */ = {isa = PBXFileReference; fileEncoding = 4; lastKnownFileType = sourcecode.swift; path = HikeView.swift; sourceTree = "<group>"; };
		A753DDFA2ACD001B00E47300 /* Landmarks.app */ = {isa = PBXFileReference; explicitFileType = wrapper.application; includeInIndex = 0; path = Landmarks.app; sourceTree = BUILT_PRODUCTS_DIR; };
		A753DDFD2ACD001B00E47300 /* LandmarksApp.swift */ = {isa = PBXFileReference; lastKnownFileType = sourcecode.swift; path = LandmarksApp.swift; sourceTree = "<group>"; };
		A753DDFF2ACD001B00E47300 /* ContentView.swift */ = {isa = PBXFileReference; lastKnownFileType = sourcecode.swift; path = ContentView.swift; sourceTree = "<group>"; };
		A753DE012ACD001E00E47300 /* Assets.xcassets */ = {isa = PBXFileReference; lastKnownFileType = folder.assetcatalog; path = Assets.xcassets; sourceTree = "<group>"; };
		A753DE042ACD001E00E47300 /* Preview Assets.xcassets */ = {isa = PBXFileReference; lastKnownFileType = folder.assetcatalog; path = "Preview Assets.xcassets"; sourceTree = "<group>"; };
		A75F0B3C2AD49F1200FD8CB5 /* BadgeBackground.swift */ = {isa = PBXFileReference; lastKnownFileType = sourcecode.swift; path = BadgeBackground.swift; sourceTree = "<group>"; };
		A77146682AD19B25000AFA3A /* LandmarkDetail.swift */ = {isa = PBXFileReference; lastKnownFileType = sourcecode.swift; path = LandmarkDetail.swift; sourceTree = "<group>"; };
		A7CB0D532ACD134100A17CE7 /* CircleImage.swift */ = {isa = PBXFileReference; lastKnownFileType = sourcecode.swift; path = CircleImage.swift; sourceTree = "<group>"; };
		A7CB0D572ACE3A2500A17CE7 /* Info.plist */ = {isa = PBXFileReference; lastKnownFileType = text.plist; path = Info.plist; sourceTree = "<group>"; };
		A7E9A7B32AD47F68002C984B /* HexagonParameters.swift */ = {isa = PBXFileReference; lastKnownFileType = sourcecode.swift; path = HexagonParameters.swift; sourceTree = "<group>"; };
		A7E9A7B72AD496C6002C984B /* BadgeSymbol.swift */ = {isa = PBXFileReference; lastKnownFileType = sourcecode.swift; path = BadgeSymbol.swift; sourceTree = "<group>"; };
		A7E9A7B92AD498BE002C984B /* RotatedBadgeSymbol.swift */ = {isa = PBXFileReference; lastKnownFileType = sourcecode.swift; path = RotatedBadgeSymbol.swift; sourceTree = "<group>"; };
		A7E9A7BB2AD499EF002C984B /* Badge.swift */ = {isa = PBXFileReference; lastKnownFileType = sourcecode.swift; path = Badge.swift; sourceTree = "<group>"; };
		A7F27A2D2ACE3DCF003859BD /* MapView.swift */ = {isa = PBXFileReference; lastKnownFileType = sourcecode.swift; path = MapView.swift; sourceTree = "<group>"; };
		A7F27A2F2ACE6389003859BD /* landmarkData.json */ = {isa = PBXFileReference; fileEncoding = 4; lastKnownFileType = text.json; path = landmarkData.json; sourceTree = "<group>"; };
		A7F27A312ACE63C1003859BD /* Landmark.swift */ = {isa = PBXFileReference; lastKnownFileType = sourcecode.swift; path = Landmark.swift; sourceTree = "<group>"; };
		A7F27A332ACE6606003859BD /* ModelData.swift */ = {isa = PBXFileReference; lastKnownFileType = sourcecode.swift; path = ModelData.swift; sourceTree = "<group>"; };
		A7F27A382ACE6786003859BD /* LandmarkRow.swift */ = {isa = PBXFileReference; lastKnownFileType = sourcecode.swift; path = LandmarkRow.swift; sourceTree = "<group>"; };
		A7F27A3A2ACE6A3F003859BD /* LandmarkList.swift */ = {isa = PBXFileReference; lastKnownFileType = sourcecode.swift; path = LandmarkList.swift; sourceTree = "<group>"; };
/* End PBXFileReference section */

/* Begin PBXFrameworksBuildPhase section */
		A753DDF72ACD001B00E47300 /* Frameworks */ = {
			isa = PBXFrameworksBuildPhase;
			buildActionMask = 2147483647;
			files = (
			);
			runOnlyForDeploymentPostprocessing = 0;
		};
/* End PBXFrameworksBuildPhase section */

/* Begin PBXGroup section */
		A70746A62AD3826D0094CB9C /* Helper */ = {
			isa = PBXGroup;
			children = (
				A70746A42AD381030094CB9C /* FavoriteButton.swift */,
				A7F27A2D2ACE3DCF003859BD /* MapView.swift */,
				A7CB0D532ACD134100A17CE7 /* CircleImage.swift */,
			);
			path = Helper;
			sourceTree = "<group>";
		};
		A70746A72AD382A60094CB9C /* Landmarks */ = {
			isa = PBXGroup;
			children = (
				A7F27A3A2ACE6A3F003859BD /* LandmarkList.swift */,
				A7F27A382ACE6786003859BD /* LandmarkRow.swift */,
				A77146682AD19B25000AFA3A /* LandmarkDetail.swift */,
			);
			path = Landmarks;
			sourceTree = "<group>";
		};
		A74395412AD5D4520072831F /* Hikes */ = {
			isa = PBXGroup;
			children = (
				A74395422AD5D4520072831F /* GraphCapsule.swift */,
				A74395432AD5D4520072831F /* HikeGraph.swift */,
				A74395442AD5D4520072831F /* HikeDetail.swift */,
				A74395452AD5D4520072831F /* HikeView.swift */,
			);
			path = Hikes;
			sourceTree = "<group>";
		};
		A753DDF12ACD001B00E47300 = {
			isa = PBXGroup;
			children = (
				A753DDFC2ACD001B00E47300 /* Landmarks */,
				A753DDFB2ACD001B00E47300 /* Products */,
			);
			sourceTree = "<group>";
		};
		A753DDFB2ACD001B00E47300 /* Products */ = {
			isa = PBXGroup;
			children = (
				A753DDFA2ACD001B00E47300 /* Landmarks.app */,
			);
			name = Products;
			sourceTree = "<group>";
		};
		A753DDFC2ACD001B00E47300 /* Landmarks */ = {
			isa = PBXGroup;
			children = (
				A7CB0D572ACE3A2500A17CE7 /* Info.plist */,
				A753DDFD2ACD001B00E47300 /* LandmarksApp.swift */,
				A7F27A372ACE6737003859BD /* Model */,
				A753DE012ACD001E00E47300 /* Assets.xcassets */,
				A753DE032ACD001E00E47300 /* Preview Content */,
				A7F27A352ACE66B6003859BD /* Views */,
				A7F27A362ACE671D003859BD /* Resources */,
			);
			path = Landmarks;
			sourceTree = "<group>";
		};
		A753DE032ACD001E00E47300 /* Preview Content */ = {
			isa = PBXGroup;
			children = (
				A753DE042ACD001E00E47300 /* Preview Assets.xcassets */,
			);
			path = "Preview Content";
			sourceTree = "<group>";
		};
		A7E9A7BD2AD49CCD002C984B /* Badges */ = {
			isa = PBXGroup;
			children = (
				A7E9A7BB2AD499EF002C984B /* Badge.swift */,
				A7E9A7B72AD496C6002C984B /* BadgeSymbol.swift */,
				A7E9A7B92AD498BE002C984B /* RotatedBadgeSymbol.swift */,
				A7E9A7B32AD47F68002C984B /* HexagonParameters.swift */,
				A75F0B3C2AD49F1200FD8CB5 /* BadgeBackground.swift */,
			);
			path = Badges;
			sourceTree = "<group>";
		};
		A7F27A352ACE66B6003859BD /* Views */ = {
			isa = PBXGroup;
			children = (
				A74395412AD5D4520072831F /* Hikes */,
				A753DDFF2ACD001B00E47300 /* ContentView.swift */,
				A7E9A7BD2AD49CCD002C984B /* Badges */,
				A70746A72AD382A60094CB9C /* Landmarks */,
				A70746A62AD3826D0094CB9C /* Helper */,
			);
			path = Views;
			sourceTree = "<group>";
		};
		A7F27A362ACE671D003859BD /* Resources */ = {
			isa = PBXGroup;
			children = (
				A743953F2AD5D3E30072831F /* hikeData.json */,
				A7F27A2F2ACE6389003859BD /* landmarkData.json */,
			);
			path = Resources;
			sourceTree = "<group>";
		};
		A7F27A372ACE6737003859BD /* Model */ = {
			isa = PBXGroup;
			children = (
				A7F27A312ACE63C1003859BD /* Landmark.swift */,
				A7F27A332ACE6606003859BD /* ModelData.swift */,
			);
			path = Model;
			sourceTree = "<group>";
		};
/* End PBXGroup section */

/* Begin PBXNativeTarget section */
		A753DDF92ACD001B00E47300 /* Landmarks */ = {
			isa = PBXNativeTarget;
			buildConfigurationList = A753DE082ACD001E00E47300 /* Build configuration list for PBXNativeTarget "Landmarks" */;
			buildPhases = (
				A753DDF62ACD001B00E47300 /* Sources */,
				A753DDF72ACD001B00E47300 /* Frameworks */,
				A753DDF82ACD001B00E47300 /* Resources */,
			);
			buildRules = (
			);
			dependencies = (
			);
			name = Landmarks;
			productName = Landmarks;
			productReference = A753DDFA2ACD001B00E47300 /* Landmarks.app */;
			productType = "com.apple.product-type.application";
		};
/* End PBXNativeTarget section */

/* Begin PBXProject section */
		A753DDF22ACD001B00E47300 /* Project object */ = {
			isa = PBXProject;
			attributes = {
				BuildIndependentTargetsInParallel = 1;
				LastSwiftUpdateCheck = 1500;
				LastUpgradeCheck = 1500;
				TargetAttributes = {
					A753DDF92ACD001B00E47300 = {
						CreatedOnToolsVersion = 15.0;
					};
				};
			};
			buildConfigurationList = A753DDF52ACD001B00E47300 /* Build configuration list for PBXProject "Landmarks" */;
			compatibilityVersion = "Xcode 14.0";
			developmentRegion = en;
			hasScannedForEncodings = 0;
			knownRegions = (
				en,
				Base,
			);
			mainGroup = A753DDF12ACD001B00E47300;
			productRefGroup = A753DDFB2ACD001B00E47300 /* Products */;
			projectDirPath = "";
			projectRoot = "";
			targets = (
				A753DDF92ACD001B00E47300 /* Landmarks */,
			);
		};
/* End PBXProject section */

/* Begin PBXResourcesBuildPhase section */
		A753DDF82ACD001B00E47300 /* Resources */ = {
			isa = PBXResourcesBuildPhase;
			buildActionMask = 2147483647;
			files = (
				A74395402AD5D3E30072831F /* hikeData.json in Resources */,
				A753DE052ACD001E00E47300 /* Preview Assets.xcassets in Resources */,
				A753DE022ACD001E00E47300 /* Assets.xcassets in Resources */,
				A7F27A302ACE6389003859BD /* landmarkData.json in Resources */,
			);
			runOnlyForDeploymentPostprocessing = 0;
		};
/* End PBXResourcesBuildPhase section */

/* Begin PBXSourcesBuildPhase section */
		A753DDF62ACD001B00E47300 /* Sources */ = {
			isa = PBXSourcesBuildPhase;
			buildActionMask = 2147483647;
			files = (
				A753DE002ACD001B00E47300 /* ContentView.swift in Sources */,
				A7E9A7BC2AD499EF002C984B /* Badge.swift in Sources */,
				A7F27A2E2ACE3DCF003859BD /* MapView.swift in Sources */,
				A753DDFE2ACD001B00E47300 /* LandmarksApp.swift in Sources */,
				A74395492AD5D4520072831F /* HikeView.swift in Sources */,
				A70746A52AD381030094CB9C /* FavoriteButton.swift in Sources */,
				A7F27A3B2ACE6A3F003859BD /* LandmarkList.swift in Sources */,
				A7E9A7B82AD496C6002C984B /* BadgeSymbol.swift in Sources */,
				A77146692AD19B26000AFA3A /* LandmarkDetail.swift in Sources */,
				A7CB0D542ACD134100A17CE7 /* CircleImage.swift in Sources */,
				A7E9A7BA2AD498BF002C984B /* RotatedBadgeSymbol.swift in Sources */,
				A7F27A322ACE63C1003859BD /* Landmark.swift in Sources */,
				A74395482AD5D4520072831F /* HikeDetail.swift in Sources */,
				A7F27A392ACE6786003859BD /* LandmarkRow.swift in Sources */,
				A74395462AD5D4520072831F /* GraphCapsule.swift in Sources */,
				A7E9A7B42AD47F68002C984B /* HexagonParameters.swift in Sources */,
				A75F0B3D2AD49F1200FD8CB5 /* BadgeBackground.swift in Sources */,
				A7F27A342ACE6606003859BD /* ModelData.swift in Sources */,
				A74395472AD5D4520072831F /* HikeGraph.swift in Sources */,
			);
			runOnlyForDeploymentPostprocessing = 0;
		};
/* End PBXSourcesBuildPhase section */

/* Begin XCBuildConfiguration section */
		A753DE062ACD001E00E47300 /* Debug */ = {
			isa = XCBuildConfiguration;
			buildSettings = {
				ALWAYS_SEARCH_USER_PATHS = NO;
				ASSETCATALOG_COMPILER_GENERATE_SWIFT_ASSET_SYMBOL_EXTENSIONS = YES;
				CLANG_ANALYZER_NONNULL = YES;
				CLANG_ANALYZER_NUMBER_OBJECT_CONVERSION = YES_AGGRESSIVE;
				CLANG_CXX_LANGUAGE_STANDARD = "gnu++20";
				CLANG_ENABLE_MODULES = YES;
				CLANG_ENABLE_OBJC_ARC = YES;
				CLANG_ENABLE_OBJC_WEAK = YES;
				CLANG_WARN_BLOCK_CAPTURE_AUTORELEASING = YES;
				CLANG_WARN_BOOL_CONVERSION = YES;
				CLANG_WARN_COMMA = YES;
				CLANG_WARN_CONSTANT_CONVERSION = YES;
				CLANG_WARN_DEPRECATED_OBJC_IMPLEMENTATIONS = YES;
				CLANG_WARN_DIRECT_OBJC_ISA_USAGE = YES_ERROR;
				CLANG_WARN_DOCUMENTATION_COMMENTS = YES;
				CLANG_WARN_EMPTY_BODY = YES;
				CLANG_WARN_ENUM_CONVERSION = YES;
				CLANG_WARN_INFINITE_RECURSION = YES;
				CLANG_WARN_INT_CONVERSION = YES;
				CLANG_WARN_NON_LITERAL_NULL_CONVERSION = YES;
				CLANG_WARN_OBJC_IMPLICIT_RETAIN_SELF = YES;
				CLANG_WARN_OBJC_LITERAL_CONVERSION = YES;
				CLANG_WARN_OBJC_ROOT_CLASS = YES_ERROR;
				CLANG_WARN_QUOTED_INCLUDE_IN_FRAMEWORK_HEADER = YES;
				CLANG_WARN_RANGE_LOOP_ANALYSIS = YES;
				CLANG_WARN_STRICT_PROTOTYPES = YES;
				CLANG_WARN_SUSPICIOUS_MOVE = YES;
				CLANG_WARN_UNGUARDED_AVAILABILITY = YES_AGGRESSIVE;
				CLANG_WARN_UNREACHABLE_CODE = YES;
				CLANG_WARN__DUPLICATE_METHOD_MATCH = YES;
				COPY_PHASE_STRIP = NO;
				DEBUG_INFORMATION_FORMAT = dwarf;
				ENABLE_STRICT_OBJC_MSGSEND = YES;
				ENABLE_TESTABILITY = YES;
				ENABLE_USER_SCRIPT_SANDBOXING = YES;
				GCC_C_LANGUAGE_STANDARD = gnu17;
				GCC_DYNAMIC_NO_PIC = NO;
				GCC_NO_COMMON_BLOCKS = YES;
				GCC_OPTIMIZATION_LEVEL = 0;
				GCC_PREPROCESSOR_DEFINITIONS = (
					"DEBUG=1",
					"$(inherited)",
				);
				GCC_WARN_64_TO_32_BIT_CONVERSION = YES;
				GCC_WARN_ABOUT_RETURN_TYPE = YES_ERROR;
				GCC_WARN_UNDECLARED_SELECTOR = YES;
				GCC_WARN_UNINITIALIZED_AUTOS = YES_AGGRESSIVE;
				GCC_WARN_UNUSED_FUNCTION = YES;
				GCC_WARN_UNUSED_VARIABLE = YES;
				IPHONEOS_DEPLOYMENT_TARGET = 17.0;
				LOCALIZATION_PREFERS_STRING_CATALOGS = YES;
				MTL_ENABLE_DEBUG_INFO = INCLUDE_SOURCE;
				MTL_FAST_MATH = YES;
				ONLY_ACTIVE_ARCH = YES;
				SDKROOT = iphoneos;
				SWIFT_ACTIVE_COMPILATION_CONDITIONS = "DEBUG $(inherited)";
				SWIFT_OPTIMIZATION_LEVEL = "-Onone";
			};
			name = Debug;
		};
		A753DE072ACD001E00E47300 /* Release */ = {
			isa = XCBuildConfiguration;
			buildSettings = {
				ALWAYS_SEARCH_USER_PATHS = NO;
				ASSETCATALOG_COMPILER_GENERATE_SWIFT_ASSET_SYMBOL_EXTENSIONS = YES;
				CLANG_ANALYZER_NONNULL = YES;
				CLANG_ANALYZER_NUMBER_OBJECT_CONVERSION = YES_AGGRESSIVE;
				CLANG_CXX_LANGUAGE_STANDARD = "gnu++20";
				CLANG_ENABLE_MODULES = YES;
				CLANG_ENABLE_OBJC_ARC = YES;
				CLANG_ENABLE_OBJC_WEAK = YES;
				CLANG_WARN_BLOCK_CAPTURE_AUTORELEASING = YES;
				CLANG_WARN_BOOL_CONVERSION = YES;
				CLANG_WARN_COMMA = YES;
				CLANG_WARN_CONSTANT_CONVERSION = YES;
				CLANG_WARN_DEPRECATED_OBJC_IMPLEMENTATIONS = YES;
				CLANG_WARN_DIRECT_OBJC_ISA_USAGE = YES_ERROR;
				CLANG_WARN_DOCUMENTATION_COMMENTS = YES;
				CLANG_WARN_EMPTY_BODY = YES;
				CLANG_WARN_ENUM_CONVERSION = YES;
				CLANG_WARN_INFINITE_RECURSION = YES;
				CLANG_WARN_INT_CONVERSION = YES;
				CLANG_WARN_NON_LITERAL_NULL_CONVERSION = YES;
				CLANG_WARN_OBJC_IMPLICIT_RETAIN_SELF = YES;
				CLANG_WARN_OBJC_LITERAL_CONVERSION = YES;
				CLANG_WARN_OBJC_ROOT_CLASS = YES_ERROR;
				CLANG_WARN_QUOTED_INCLUDE_IN_FRAMEWORK_HEADER = YES;
				CLANG_WARN_RANGE_LOOP_ANALYSIS = YES;
				CLANG_WARN_STRICT_PROTOTYPES = YES;
				CLANG_WARN_SUSPICIOUS_MOVE = YES;
				CLANG_WARN_UNGUARDED_AVAILABILITY = YES_AGGRESSIVE;
				CLANG_WARN_UNREACHABLE_CODE = YES;
				CLANG_WARN__DUPLICATE_METHOD_MATCH = YES;
				COPY_PHASE_STRIP = NO;
				DEBUG_INFORMATION_FORMAT = "dwarf-with-dsym";
				ENABLE_NS_ASSERTIONS = NO;
				ENABLE_STRICT_OBJC_MSGSEND = YES;
				ENABLE_USER_SCRIPT_SANDBOXING = YES;
				GCC_C_LANGUAGE_STANDARD = gnu17;
				GCC_NO_COMMON_BLOCKS = YES;
				GCC_WARN_64_TO_32_BIT_CONVERSION = YES;
				GCC_WARN_ABOUT_RETURN_TYPE = YES_ERROR;
				GCC_WARN_UNDECLARED_SELECTOR = YES;
				GCC_WARN_UNINITIALIZED_AUTOS = YES_AGGRESSIVE;
				GCC_WARN_UNUSED_FUNCTION = YES;
				GCC_WARN_UNUSED_VARIABLE = YES;
				IPHONEOS_DEPLOYMENT_TARGET = 17.0;
				LOCALIZATION_PREFERS_STRING_CATALOGS = YES;
				MTL_ENABLE_DEBUG_INFO = NO;
				MTL_FAST_MATH = YES;
				SDKROOT = iphoneos;
				SWIFT_COMPILATION_MODE = wholemodule;
				VALIDATE_PRODUCT = YES;
			};
			name = Release;
		};
		A753DE092ACD001E00E47300 /* Debug */ = {
			isa = XCBuildConfiguration;
			buildSettings = {
				ASSETCATALOG_COMPILER_APPICON_NAME = AppIcon;
				ASSETCATALOG_COMPILER_GLOBAL_ACCENT_COLOR_NAME = AccentColor;
				CODE_SIGN_IDENTITY = "Apple Development";
				CODE_SIGN_STYLE = Automatic;
				CURRENT_PROJECT_VERSION = 1;
				DEVELOPMENT_ASSET_PATHS = "\"Landmarks/Preview Content\"";
				DEVELOPMENT_TEAM = W9MHN8KUG2;
				ENABLE_PREVIEWS = YES;
				GENERATE_INFOPLIST_FILE = YES;
				INFOPLIST_FILE = Landmarks/Info.plist;
				INFOPLIST_KEY_UIApplicationSceneManifest_Generation = YES;
				INFOPLIST_KEY_UIApplicationSupportsIndirectInputEvents = YES;
				INFOPLIST_KEY_UILaunchScreen_Generation = YES;
				INFOPLIST_KEY_UISupportedInterfaceOrientations_iPad = "UIInterfaceOrientationPortrait UIInterfaceOrientationPortraitUpsideDown UIInterfaceOrientationLandscapeLeft UIInterfaceOrientationLandscapeRight";
				INFOPLIST_KEY_UISupportedInterfaceOrientations_iPhone = "UIInterfaceOrientationPortrait UIInterfaceOrientationLandscapeLeft UIInterfaceOrientationLandscapeRight";
				LD_RUNPATH_SEARCH_PATHS = (
					"$(inherited)",
					"@executable_path/Frameworks",
				);
				MARKETING_VERSION = 1.0;
				PRODUCT_BUNDLE_IDENTIFIER = com.ritebytes.Landmarks;
				PRODUCT_NAME = "$(TARGET_NAME)";
				PROVISIONING_PROFILE_SPECIFIER = "";
				SWIFT_EMIT_LOC_STRINGS = YES;
				SWIFT_VERSION = 5.0;
				TARGETED_DEVICE_FAMILY = "1,2";
			};
			name = Debug;
		};
		A753DE0A2ACD001E00E47300 /* Release */ = {
			isa = XCBuildConfiguration;
			buildSettings = {
				ASSETCATALOG_COMPILER_APPICON_NAME = AppIcon;
				ASSETCATALOG_COMPILER_GLOBAL_ACCENT_COLOR_NAME = AccentColor;
				CODE_SIGN_IDENTITY = "Apple Development";
				CODE_SIGN_STYLE = Automatic;
				CURRENT_PROJECT_VERSION = 1;
				DEVELOPMENT_ASSET_PATHS = "\"Landmarks/Preview Content\"";
				DEVELOPMENT_TEAM = W9MHN8KUG2;
				ENABLE_PREVIEWS = YES;
				GENERATE_INFOPLIST_FILE = YES;
				INFOPLIST_FILE = Landmarks/Info.plist;
				INFOPLIST_KEY_UIApplicationSceneManifest_Generation = YES;
				INFOPLIST_KEY_UIApplicationSupportsIndirectInputEvents = YES;
				INFOPLIST_KEY_UILaunchScreen_Generation = YES;
				INFOPLIST_KEY_UISupportedInterfaceOrientations_iPad = "UIInterfaceOrientationPortrait UIInterfaceOrientationPortraitUpsideDown UIInterfaceOrientationLandscapeLeft UIInterfaceOrientationLandscapeRight";
				INFOPLIST_KEY_UISupportedInterfaceOrientations_iPhone = "UIInterfaceOrientationPortrait UIInterfaceOrientationLandscapeLeft UIInterfaceOrientationLandscapeRight";
				LD_RUNPATH_SEARCH_PATHS = (
					"$(inherited)",
					"@executable_path/Frameworks",
				);
				MARKETING_VERSION = 1.0;
				PRODUCT_BUNDLE_IDENTIFIER = com.ritebytes.Landmarks;
				PRODUCT_NAME = "$(TARGET_NAME)";
				PROVISIONING_PROFILE_SPECIFIER = "";
				SWIFT_EMIT_LOC_STRINGS = YES;
				SWIFT_VERSION = 5.0;
				TARGETED_DEVICE_FAMILY = "1,2";
			};
			name = Release;
		};
/* End XCBuildConfiguration section */

/* Begin XCConfigurationList section */
		A753DDF52ACD001B00E47300 /* Build configuration list for PBXProject "Landmarks" */ = {
			isa = XCConfigurationList;
			buildConfigurations = (
				A753DE062ACD001E00E47300 /* Debug */,
				A753DE072ACD001E00E47300 /* Release */,
			);
			defaultConfigurationIsVisible = 0;
			defaultConfigurationName = Release;
		};
		A753DE082ACD001E00E47300 /* Build configuration list for PBXNativeTarget "Landmarks" */ = {
			isa = XCConfigurationList;
			buildConfigurations = (
				A753DE092ACD001E00E47300 /* Debug */,
				A753DE0A2ACD001E00E47300 /* Release */,
			);
			defaultConfigurationIsVisible = 0;
			defaultConfigurationName = Release;
		};
/* End XCConfigurationList section */
	};
	rootObject = A753DDF22ACD001B00E47300 /* Project object */;
}
